
Microsoft Visual Studio Solution File, Format Version 12.00
# Visual Studio 14
VisualStudioVersion = 14.0.22310.1
MinimumVisualStudioVersion = 10.0.40219.1
Project("{2150E333-8FDC-42A3-9474-1A3956D46DE8}") = "Engine", "Engine", "{DCAC9C26-5C09-4DAD-B0A0-1816EA4DDDFA}"
EndProject
Project("{2150E333-8FDC-42A3-9474-1A3956D46DE8}") = "Games", "Games", "{3AE7690F-5E3A-4597-BD2C-342D3FC06EFB}"
EndProject
Project("{8BC9CEB8-8B4A-11D0-8D11-00A0C91BC942}") = "UE4", "Intermediate\ProjectFiles\UE4.vcxproj", "{39CDC6E9-CFA3-4033-9E2E-8466DFF7A6C3}"
EndProject
Project("{8BC9CEB8-8B4A-11D0-8D11-00A0C91BC942}") = "ClimbingSystem", "Intermediate\ProjectFiles\ClimbingSystem.vcxproj", "{63BEE79F-3733-436C-B00E-8B2F5E6C553C}"
EndProject
Global
	GlobalSection(SolutionConfigurationPlatforms) = preSolution
		DebugGame Editor|Win32 = DebugGame Editor|Win32
		DebugGame Editor|Win64 = DebugGame Editor|Win64
		DebugGame|Win32 = DebugGame|Win32
		DebugGame|Win64 = DebugGame|Win64
		Development Editor|Win32 = Development Editor|Win32
		Development Editor|Win64 = Development Editor|Win64
		Development|Win32 = Development|Win32
		Development|Win64 = Development|Win64
		Shipping|Win32 = Shipping|Win32
		Shipping|Win64 = Shipping|Win64
	EndGlobalSection
	GlobalSection(ProjectConfigurationPlatforms) = postSolution
		{63BEE79F-3733-436C-B00E-8B2F5E6C553C}.DebugGame Editor|Win32.ActiveCfg = DebugGame_Editor|Win32
		{63BEE79F-3733-436C-B00E-8B2F5E6C553C}.DebugGame Editor|Win64.ActiveCfg = DebugGame_Editor|x64
		{63BEE79F-3733-436C-B00E-8B2F5E6C553C}.DebugGame Editor|Win64.Build.0 = DebugGame_Editor|x64
		{63BEE79F-3733-436C-B00E-8B2F5E6C553C}.DebugGame|Win32.ActiveCfg = DebugGame_Game|Win32
		{63BEE79F-3733-436C-B00E-8B2F5E6C553C}.DebugGame|Win32.Build.0 = DebugGame_Game|Win32
		{63BEE79F-3733-436C-B00E-8B2F5E6C553C}.DebugGame|Win64.ActiveCfg = DebugGame_Game|x64
		{63BEE79F-3733-436C-B00E-8B2F5E6C553C}.DebugGame|Win64.Build.0 = DebugGame_Game|x64
		{63BEE79F-3733-436C-B00E-8B2F5E6C553C}.Development Editor|Win32.ActiveCfg = Development_Editor|Win32
		{63BEE79F-3733-436C-B00E-8B2F5E6C553C}.Development Editor|Win64.ActiveCfg = Development_Editor|x64
		{63BEE79F-3733-436C-B00E-8B2F5E6C553C}.Development Editor|Win64.Build.0 = Development_Editor|x64
		{63BEE79F-3733-436C-B00E-8B2F5E6C553C}.Development|Win32.ActiveCfg = Development_Game|Win32
		{63BEE79F-3733-436C-B00E-8B2F5E6C553C}.Development|Win32.Build.0 = Development_Game|Win32
		{63BEE79F-3733-436C-B00E-8B2F5E6C553C}.Development|Win64.ActiveCfg = Development_Game|x64
		{63BEE79F-3733-436C-B00E-8B2F5E6C553C}.Development|Win64.Build.0 = Development_Game|x64
		{63BEE79F-3733-436C-B00E-8B2F5E6C553C}.Shipping|Win32.ActiveCfg = Shipping_Game|Win32
		{63BEE79F-3733-436C-B00E-8B2F5E6C553C}.Shipping|Win32.Build.0 = Shipping_Game|Win32
		{63BEE79F-3733-436C-B00E-8B2F5E6C553C}.Shipping|Win64.ActiveCfg = Shipping_Game|x64
		{63BEE79F-3733-436C-B00E-8B2F5E6C553C}.Shipping|Win64.Build.0 = Shipping_Game|x64
	EndGlobalSection
	GlobalSection(SolutionProperties) = preSolution
		HideSolutionNode = FALSE
	EndGlobalSection
	GlobalSection(NestedProjects) = preSolution
		{39CDC6E9-CFA3-4033-9E2E-8466DFF7A6C3} = {DCAC9C26-5C09-4DAD-B0A0-1816EA4DDDFA}
		{63BEE79F-3733-436C-B00E-8B2F5E6C553C} = {3AE7690F-5E3A-4597-BD2C-342D3FC06EFB}
	EndGlobalSection
EndGlobal
